Microsoft Visual Studio Solution File, Format Version 12.00
# Visual Studio 14
VisualStudioVersion = 14.0.25420.1
MinimumVisualStudioVersion = 10.0.40219.1
Project("{8BC9CEB8-8B4A-11D0-8D11-00A0C91BC942}") = "ALL_BUILD", "ALL_BUILD.vcxproj", "{B6517EFA-C1F9-4976-90E9-35F7611D6C4E}"
	ProjectSection(ProjectDependencies) = postProject
		{C2668369-8EBE-42F4-985A-F72D1605FEA3} = {C2668369-8EBE-42F4-985A-F72D1605FEA3}
		{978E9CFA-96A8-48E6-A887-A21B32CDC202} = {978E9CFA-96A8-48E6-A887-A21B32CDC202}
		{CFD06603-30A3-42D7-9345-99080F4BA84F} = {CFD06603-30A3-42D7-9345-99080F4BA84F}
		{7D985B6D-6710-4E79-8092-95CC7503D4F9} = {7D985B6D-6710-4E79-8092-95CC7503D4F9}
		{E46D411C-6E83-4188-8353-70FECF2555DB} = {E46D411C-6E83-4188-8353-70FECF2555DB}
		{EBC34FB1-6546-4654-B4D5-8DC57F2B9339} = {EBC34FB1-6546-4654-B4D5-8DC57F2B9339}
		{A2D1D6A6-E4FB-4484-B039-4F192280F477} = {A2D1D6A6-E4FB-4484-B039-4F192280F477}
		{E7B876AE-6992-4929-A472-CAEF9C44F45A} = {E7B876AE-6992-4929-A472-CAEF9C44F45A}
		{1EBAE2A4-7783-4606-AC27-95FD69B4F8F1} = {1EBAE2A4-7783-4606-AC27-95FD69B4F8F1}
		{5C2CB911-4B3C-4FCF-962E-34BA52F91111} = {5C2CB911-4B3C-4FCF-962E-34BA52F91111}
		{F3BD7A01-8AEC-4EBA-B6F9-E5C68337BE98} = {F3BD7A01-8AEC-4EBA-B6F9-E5C68337BE98}
		{D0E02436-1BB7-4895-8366-ED33C144274F} = {D0E02436-1BB7-4895-8366-ED33C144274F}
		{27B39AE9-A922-48A4-880F-47E16FCD4504} = {27B39AE9-A922-48A4-880F-47E16FCD4504}
		{A94AF6C9-233B-4E89-9C71-25E2B21A3960} = {A94AF6C9-233B-4E89-9C71-25E2B21A3960}
		{F67A6276-F28F-4FD3-8C88-A986C8FC4533} = {F67A6276-F28F-4FD3-8C88-A986C8FC4533}
		{A07552D8-EAAE-449F-A890-01FA413BB646} = {A07552D8-EAAE-449F-A890-01FA413BB646}
		{747E9A43-4251-4287-8FA1-36955DED3D8D} = {747E9A43-4251-4287-8FA1-36955DED3D8D}
		{23ED8F2B-EE36-4D79-B423-0943DD13EB31} = {23ED8F2B-EE36-4D79-B423-0943DD13EB31}
		{8A94B085-42CE-4E3C-8DEB-9F2B28450F91} = {8A94B085-42CE-4E3C-8DEB-9F2B28450F91}
		{D450869E-A57D-419D-848F-5DF3B8414DF7} = {D450869E-A57D-419D-848F-5DF3B8414DF7}
		{ABE00562-5148-4BD8-8ED8-1318631729DA} = {ABE00562-5148-4BD8-8ED8-1318631729DA}
		{636A7F1A-1143-4C3E-87D8-9030F17BFE35} = {636A7F1A-1143-4C3E-87D8-9030F17BFE35}
		{01D202A3-1DE3-4855-A43C-0BA7A563FAC0} = {01D202A3-1DE3-4855-A43C-0BA7A563FAC0}
		{5091488C-3FB4-406B-823F-D10F5C4873AF} = {5091488C-3FB4-406B-823F-D10F5C4873AF}
		{505AE96B-03F5-4CFE-83B9-07B9275CA04E} = {505AE96B-03F5-4CFE-83B9-07B9275CA04E}
		{DD940A9E-736E-489A-A9BE-2D9DF725B33D} = {DD940A9E-736E-489A-A9BE-2D9DF725B33D}
		{6BB4E7E7-3B36-450F-ABE2-E2089B20EA13} = {6BB4E7E7-3B36-450F-ABE2-E2089B20EA13}
		{32B23B9D-7CC1-4830-8E38-1AB8C11E4AFD} = {32B23B9D-7CC1-4830-8E38-1AB8C11E4AFD}
		{CF8B5A4F-B20B-420E-A4DA-18A1653A888F} = {CF8B5A4F-B20B-420E-A4DA-18A1653A888F}
		{D58A42AE-5E43-4853-BD6E-F81E15714B51} = {D58A42AE-5E43-4853-BD6E-F81E15714B51}
		{185DEAAF-9D8E-4772-A2CE-992E9C9370C5} = {185DEAAF-9D8E-4772-A2CE-992E9C9370C5}
		{77515066-2420-4B2F-919B-D332FA544579} = {77515066-2420-4B2F-919B-D332FA544579}
		{69ABBEFB-A98C-4C67-A0E9-AC79271272DE} = {69ABBEFB-A98C-4C67-A0E9-AC79271272DE}
		{AD023A39-E810-4647-B229-20B0A0C07B9D} = {AD023A39-E810-4647-B229-20B0A0C07B9D}
		{47D33B43-2142-4269-87D9-D8CEEB4A6AA3} = {47D33B43-2142-4269-87D9-D8CEEB4A6AA3}
		{CB771243-8377-4D46-9667-FF4DC4B0D8CD} = {CB771243-8377-4D46-9667-FF4DC4B0D8CD}
		{8D084771-8228-453F-AB8F-0EF4C1A64E91} = {8D084771-8228-453F-AB8F-0EF4C1A64E91}
		{56877E39-CC14-417B-B0C6-C471C6CD7AAC} = {56877E39-CC14-417B-B0C6-C471C6CD7AAC}
		{E9AEC1B5-8A78-49DE-8082-E5C36B501CC2} = {E9AEC1B5-8A78-49DE-8082-E5C36B501CC2}
		{7716969C-A744-4559-9B0F-97B0C860D9E7} = {7716969C-A744-4559-9B0F-97B0C860D9E7}
		{7D7367B3-B2DA-4205-BA72-BB7AA4AD84C4} = {7D7367B3-B2DA-4205-BA72-BB7AA4AD84C4}
		{CD201FF6-77B1-484E-9D8B-3FAA02E343B0} = {CD201FF6-77B1-484E-9D8B-3FAA02E343B0}
		{D5C3C5F1-E9A1-43B0-ADF6-CB1A05F378E3} = {D5C3C5F1-E9A1-43B0-ADF6-CB1A05F378E3}
		{B403841D-6BC3-4E9D-B1CC-CB5844AFDFAF} = {B403841D-6BC3-4E9D-B1CC-CB5844AFDFAF}
		{99899CE1-D623-44B5-8B03-9985BF789E4D} = {99899CE1-D623-44B5-8B03-9985BF789E4D}
	EndProjectSection
EndProject
Project("{8BC9CEB8-8B4A-11D0-8D11-00A0C91BC942}") = "SampleBrowser", "Samples\Browser\SampleBrowser.vcxproj", "{C2668369-8EBE-42F4-985A-F72D1605FEA3}"
	ProjectSection(ProjectDependencies) = postProject
		{978E9CFA-96A8-48E6-A887-A21B32CDC202} = {978E9CFA-96A8-48E6-A887-A21B32CDC202}
		{CFD06603-30A3-42D7-9345-99080F4BA84F} = {CFD06603-30A3-42D7-9345-99080F4BA84F}
		{7D985B6D-6710-4E79-8092-95CC7503D4F9} = {7D985B6D-6710-4E79-8092-95CC7503D4F9}
		{E46D411C-6E83-4188-8353-70FECF2555DB} = {E46D411C-6E83-4188-8353-70FECF2555DB}
		{EBC34FB1-6546-4654-B4D5-8DC57F2B9339} = {EBC34FB1-6546-4654-B4D5-8DC57F2B9339}
		{A2D1D6A6-E4FB-4484-B039-4F192280F477} = {A2D1D6A6-E4FB-4484-B039-4F192280F477}
		{E7B876AE-6992-4929-A472-CAEF9C44F45A} = {E7B876AE-6992-4929-A472-CAEF9C44F45A}
		{1EBAE2A4-7783-4606-AC27-95FD69B4F8F1} = {1EBAE2A4-7783-4606-AC27-95FD69B4F8F1}
		{5C2CB911-4B3C-4FCF-962E-34BA52F91111} = {5C2CB911-4B3C-4FCF-962E-34BA52F91111}
		{F3BD7A01-8AEC-4EBA-B6F9-E5C68337BE98} = {F3BD7A01-8AEC-4EBA-B6F9-E5C68337BE98}
		{D0E02436-1BB7-4895-8366-ED33C144274F} = {D0E02436-1BB7-4895-8366-ED33C144274F}
		{27B39AE9-A922-48A4-880F-47E16FCD4504} = {27B39AE9-A922-48A4-880F-47E16FCD4504}
		{A94AF6C9-233B-4E89-9C71-25E2B21A3960} = {A94AF6C9-233B-4E89-9C71-25E2B21A3960}
		{F67A6276-F28F-4FD3-8C88-A986C8FC4533} = {F67A6276-F28F-4FD3-8C88-A986C8FC4533}
		{A07552D8-EAAE-449F-A890-01FA413BB646} = {A07552D8-EAAE-449F-A890-01FA413BB646}
		{747E9A43-4251-4287-8FA1-36955DED3D8D} = {747E9A43-4251-4287-8FA1-36955DED3D8D}
		{23ED8F2B-EE36-4D79-B423-0943DD13EB31} = {23ED8F2B-EE36-4D79-B423-0943DD13EB31}
		{8A94B085-42CE-4E3C-8DEB-9F2B28450F91} = {8A94B085-42CE-4E3C-8DEB-9F2B28450F91}
		{D450869E-A57D-419D-848F-5DF3B8414DF7} = {D450869E-A57D-419D-848F-5DF3B8414DF7}
		{ABE00562-5148-4BD8-8ED8-1318631729DA} = {ABE00562-5148-4BD8-8ED8-1318631729DA}
		{636A7F1A-1143-4C3E-87D8-9030F17BFE35} = {636A7F1A-1143-4C3E-87D8-9030F17BFE35}
		{01D202A3-1DE3-4855-A43C-0BA7A563FAC0} = {01D202A3-1DE3-4855-A43C-0BA7A563FAC0}
		{5091488C-3FB4-406B-823F-D10F5C4873AF} = {5091488C-3FB4-406B-823F-D10F5C4873AF}
		{505AE96B-03F5-4CFE-83B9-07B9275CA04E} = {505AE96B-03F5-4CFE-83B9-07B9275CA04E}
		{DD940A9E-736E-489A-A9BE-2D9DF725B33D} = {DD940A9E-736E-489A-A9BE-2D9DF725B33D}
		{6BB4E7E7-3B36-450F-ABE2-E2089B20EA13} = {6BB4E7E7-3B36-450F-ABE2-E2089B20EA13}
		{32B23B9D-7CC1-4830-8E38-1AB8C11E4AFD} = {32B23B9D-7CC1-4830-8E38-1AB8C11E4AFD}
		{CF8B5A4F-B20B-420E-A4DA-18A1653A888F} = {CF8B5A4F-B20B-420E-A4DA-18A1653A888F}
		{D58A42AE-5E43-4853-BD6E-F81E15714B51} = {D58A42AE-5E43-4853-BD6E-F81E15714B51}
		{185DEAAF-9D8E-4772-A2CE-992E9C9370C5} = {185DEAAF-9D8E-4772-A2CE-992E9C9370C5}
		{77515066-2420-4B2F-919B-D332FA544579} = {77515066-2420-4B2F-919B-D332FA544579}
		{69ABBEFB-A98C-4C67-A0E9-AC79271272DE} = {69ABBEFB-A98C-4C67-A0E9-AC79271272DE}
		{AD023A39-E810-4647-B229-20B0A0C07B9D} = {AD023A39-E810-4647-B229-20B0A0C07B9D}
		{47D33B43-2142-4269-87D9-D8CEEB4A6AA3} = {47D33B43-2142-4269-87D9-D8CEEB4A6AA3}
		{CB771243-8377-4D46-9667-FF4DC4B0D8CD} = {CB771243-8377-4D46-9667-FF4DC4B0D8CD}
		{8D084771-8228-453F-AB8F-0EF4C1A64E91} = {8D084771-8228-453F-AB8F-0EF4C1A64E91}
		{56877E39-CC14-417B-B0C6-C471C6CD7AAC} = {56877E39-CC14-417B-B0C6-C471C6CD7AAC}
		{E9AEC1B5-8A78-49DE-8082-E5C36B501CC2} = {E9AEC1B5-8A78-49DE-8082-E5C36B501CC2}
		{7716969C-A744-4559-9B0F-97B0C860D9E7} = {7716969C-A744-4559-9B0F-97B0C860D9E7}
		{7D7367B3-B2DA-4205-BA72-BB7AA4AD84C4} = {7D7367B3-B2DA-4205-BA72-BB7AA4AD84C4}
		{CD201FF6-77B1-484E-9D8B-3FAA02E343B0} = {CD201FF6-77B1-484E-9D8B-3FAA02E343B0}
		{D5C3C5F1-E9A1-43B0-ADF6-CB1A05F378E3} = {D5C3C5F1-E9A1-43B0-ADF6-CB1A05F378E3}
		{B403841D-6BC3-4E9D-B1CC-CB5844AFDFAF} = {B403841D-6BC3-4E9D-B1CC-CB5844AFDFAF}
		{99899CE1-D623-44B5-8B03-9985BF789E4D} = {99899CE1-D623-44B5-8B03-9985BF789E4D}
	EndProjectSection
EndProject
Project("{8BC9CEB8-8B4A-11D0-8D11-00A0C91BC942}") = "Sample_BSP", "Samples\BSP\Sample_BSP.vcxproj", "{978E9CFA-96A8-48E6-A887-A21B32CDC202}"
EndProject
Project("{8BC9CEB8-8B4A-11D0-8D11-00A0C91BC942}") = "Sample_BezierPatch", "Samples\BezierPatch\Sample_BezierPatch.vcxproj", "{CFD06603-30A3-42D7-9345-99080F4BA84F}"
EndProject
Project("{8BC9CEB8-8B4A-11D0-8D11-00A0C91BC942}") = "Sample_CameraTrack", "Samples\CameraTrack\Sample_CameraTrack.vcxproj", "{7D985B6D-6710-4E79-8092-95CC7503D4F9}"
EndProject
Project("{8BC9CEB8-8B4A-11D0-8D11-00A0C91BC942}") = "Sample_CelShading", "Samples\CelShading\Sample_CelShading.vcxproj", "{E46D411C-6E83-4188-8353-70FECF2555DB}"
EndProject
Project("{8BC9CEB8-8B4A-11D0-8D11-00A0C91BC942}") = "Sample_Character", "Samples\Character\Sample_Character.vcxproj", "{EBC34FB1-6546-4654-B4D5-8DC57F2B9339}"
EndProject
Project("{8BC9CEB8-8B4A-11D0-8D11-00A0C91BC942}") = "Sample_Compositor", "Samples\Compositor\Sample_Compositor.vcxproj", "{A2D1D6A6-E4FB-4484-B039-4F192280F477}"
EndProject
Project("{8BC9CEB8-8B4A-11D0-8D11-00A0C91BC942}") = "Sample_CubeMapping", "Samples\CubeMapping\Sample_CubeMapping.vcxproj", "{E7B876AE-6992-4929-A472-CAEF9C44F45A}"
EndProject
Project("{8BC9CEB8-8B4A-11D0-8D11-00A0C91BC942}") = "Sample_DeferredShading", "Samples\DeferredShading\Sample_DeferredShading.vcxproj", "{1EBAE2A4-7783-4606-AC27-95FD69B4F8F1}"
EndProject
Project("{8BC9CEB8-8B4A-11D0-8D11-00A0C91BC942}") = "Sample_Dot3Bump", "Samples\Dot3Bump\Sample_Dot3Bump.vcxproj", "{5C2CB911-4B3C-4FCF-962E-34BA52F91111}"
EndProject
Project("{8BC9CEB8-8B4A-11D0-8D11-00A0C91BC942}") = "Sample_DualQuaternion", "Samples\DualQuaternion\Sample_DualQuaternion.vcxproj", "{F3BD7A01-8AEC-4EBA-B6F9-E5C68337BE98}"
EndProject
Project("{8BC9CEB8-8B4A-11D0-8D11-00A0C91BC942}") = "Sample_DynTex", "Samples\DynTex\Sample_DynTex.vcxproj", "{D0E02436-1BB7-4895-8366-ED33C144274F}"
EndProject
Project("{8BC9CEB8-8B4A-11D0-8D11-00A0C91BC942}") = "Sample_EndlessWorld", "Samples\EndlessWorld\Sample_EndlessWorld.vcxproj", "{27B39AE9-A922-48A4-880F-47E16FCD4504}"
EndProject
Project("{8BC9CEB8-8B4A-11D0-8D11-00A0C91BC942}") = "Sample_FacialAnimation", "Samples\FacialAnimation\Sample_FacialAnimation.vcxproj", "{A94AF6C9-233B-4E89-9C71-25E2B21A3960}"
EndProject
Project("{8BC9CEB8-8B4A-11D0-8D11-00A0C91BC942}") = "Sample_Fresnel", "Samples\Fresnel\Sample_Fresnel.vcxproj", "{F67A6276-F28F-4FD3-8C88-A986C8FC4533}"
EndProject
Project("{8BC9CEB8-8B4A-11D0-8D11-00A0C91BC942}") = "Sample_Grass", "Samples\Grass\Sample_Grass.vcxproj", "{A07552D8-EAAE-449F-A890-01FA413BB646}"
EndProject
Project("{8BC9CEB8-8B4A-11D0-8D11-00A0C91BC942}") = "Sample_Instancing", "Samples\Instancing\Sample_Instancing.vcxproj", "{747E9A43-4251-4287-8FA1-36955DED3D8D}"
EndProject
Project("{8BC9CEB8-8B4A-11D0-8D11-00A0C91BC942}") = "Sample_Isosurf", "Samples\Isosurf\Sample_Isosurf.vcxproj", "{23ED8F2B-EE36-4D79-B423-0943DD13EB31}"
EndProject
Project("{8BC9CEB8-8B4A-11D0-8D11-00A0C91BC942}") = "Sample_Lighting", "Samples\Lighting\Sample_Lighting.vcxproj", "{8A94B085-42CE-4E3C-8DEB-9F2B28450F91}"
EndProject
Project("{8BC9CEB8-8B4A-11D0-8D11-00A0C91BC942}") = "Sample_MeshLod", "Samples\MeshLod\Sample_MeshLod.vcxproj", "{D450869E-A57D-419D-848F-5DF3B8414DF7}"
EndProject
Project("{8BC9CEB8-8B4A-11D0-8D11-00A0C91BC942}") = "Sample_NewInstancing", "Samples\NewInstancing\Sample_NewInstancing.vcxproj", "{ABE00562-5148-4BD8-8ED8-1318631729DA}"
EndProject
Project("{8BC9CEB8-8B4A-11D0-8D11-00A0C91BC942}") = "Sample_Ocean", "Samples\OceanDemo\Sample_Ocean.vcxproj", "{636A7F1A-1143-4C3E-87D8-9030F17BFE35}"
EndProject
Project("{8BC9CEB8-8B4A-11D0-8D11-00A0C91BC942}") = "Sample_PNTriangles", "Samples\PNTrianglesTessellation\Sample_PNTriangles.vcxproj", "{01D202A3-1DE3-4855-A43C-0BA7A563FAC0}"
EndProject
Project("{8BC9CEB8-8B4A-11D0-8D11-00A0C91BC942}") = "Sample_ParticleFX", "Samples\ParticleFX\Sample_ParticleFX.vcxproj", "{5091488C-3FB4-406B-823F-D10F5C4873AF}"
EndProject
Project("{8BC9CEB8-8B4A-11D0-8D11-00A0C91BC942}") = "Sample_ParticleGS", "Samples\ParticleGS\Sample_ParticleGS.vcxproj", "{505AE96B-03F5-4CFE-83B9-07B9275CA04E}"
EndProject
Project("{8BC9CEB8-8B4A-11D0-8D11-00A0C91BC942}") = "Sample_SSAO", "Samples\SSAO\Sample_SSAO.vcxproj", "{DD940A9E-736E-489A-A9BE-2D9DF725B33D}"
EndProject
Project("{8BC9CEB8-8B4A-11D0-8D11-00A0C91BC942}") = "Sample_ShaderSystem", "Samples\ShaderSystem\Sample_ShaderSystem.vcxproj", "{6BB4E7E7-3B36-450F-ABE2-E2089B20EA13}"
EndProject
Project("{8BC9CEB8-8B4A-11D0-8D11-00A0C91BC942}") = "Sample_ShaderSystemMultiLight", "Samples\ShaderSystemMultiLight\Sample_ShaderSystemMultiLight.vcxproj", "{32B23B9D-7CC1-4830-8E38-1AB8C11E4AFD}"
EndProject
Project("{8BC9CEB8-8B4A-11D0-8D11-00A0C91BC942}") = "Sample_ShaderSystemTexturedFog", "Samples\ShaderSystemTexturedFog\Sample_ShaderSystemTexturedFog.vcxproj", "{CF8B5A4F-B20B-420E-A4DA-18A1653A888F}"
EndProject
Project("{8BC9CEB8-8B4A-11D0-8D11-00A0C91BC942}") = "Sample_Shadows", "Samples\Shadows\Sample_Shadows.vcxproj", "{D58A42AE-5E43-4853-BD6E-F81E15714B51}"
EndProject
Project("{8BC9CEB8-8B4A-11D0-8D11-00A0C91BC942}") = "Sample_SkeletalAnimation", "Samples\SkeletalAnimation\Sample_SkeletalAnimation.vcxproj", "{185DEAAF-9D8E-4772-A2CE-992E9C9370C5}"
EndProject
Project("{8BC9CEB8-8B4A-11D0-8D11-00A0C91BC942}") = "Sample_SkyBox", "Samples\SkyBox\Sample_SkyBox.vcxproj", "{77515066-2420-4B2F-919B-D332FA544579}"
EndProject
Project("{8BC9CEB8-8B4A-11D0-8D11-00A0C91BC942}") = "Sample_SkyDome", "Samples\SkyDome\Sample_SkyDome.vcxproj", "{69ABBEFB-A98C-4C67-A0E9-AC79271272DE}"
EndProject
Project("{8BC9CEB8-8B4A-11D0-8D11-00A0C91BC942}") = "Sample_SkyPlane", "Samples\SkyPlane\Sample_SkyPlane.vcxproj", "{AD023A39-E810-4647-B229-20B0A0C07B9D}"
EndProject
Project("{8BC9CEB8-8B4A-11D0-8D11-00A0C91BC942}") = "Sample_Smoke", "Samples\Smoke\Sample_Smoke.vcxproj", "{47D33B43-2142-4269-87D9-D8CEEB4A6AA3}"
EndProject
Project("{8BC9CEB8-8B4A-11D0-8D11-00A0C91BC942}") = "Sample_SphereMapping", "Samples\SphereMapping\Sample_SphereMapping.vcxproj", "{CB771243-8377-4D46-9667-FF4DC4B0D8CD}"
EndProject
Project("{8BC9CEB8-8B4A-11D0-8D11-00A0C91BC942}") = "Sample_Terrain", "Samples\Terrain\Sample_Terrain.vcxproj", "{8D084771-8228-453F-AB8F-0EF4C1A64E91}"
EndProject
Project("{8BC9CEB8-8B4A-11D0-8D11-00A0C91BC942}") = "Sample_Tesselation", "Samples\Tesselation\Sample_Tesselation.vcxproj", "{56877E39-CC14-417B-B0C6-C471C6CD7AAC}"
EndProject
Project("{8BC9CEB8-8B4A-11D0-8D11-00A0C91BC942}") = "Sample_TextureArray", "Samples\TextureArray\Sample_TextureArray.vcxproj", "{E9AEC1B5-8A78-49DE-8082-E5C36B501CC2}"
EndProject
Project("{8BC9CEB8-8B4A-11D0-8D11-00A0C91BC942}") = "Sample_TextureFX", "Samples\TextureFX\Sample_TextureFX.vcxproj", "{7716969C-A744-4559-9B0F-97B0C860D9E7}"
EndProject
Project("{8BC9CEB8-8B4A-11D0-8D11-00A0C91BC942}") = "Sample_Transparency", "Samples\Transparency\Sample_Transparency.vcxproj", "{7D7367B3-B2DA-4205-BA72-BB7AA4AD84C4}"
EndProject
Project("{8BC9CEB8-8B4A-11D0-8D11-00A0C91BC942}") = "Sample_VolumeCSG", "Samples\VolumeCSG\Sample_VolumeCSG.vcxproj", "{CD201FF6-77B1-484E-9D8B-3FAA02E343B0}"
EndProject
Project("{8BC9CEB8-8B4A-11D0-8D11-00A0C91BC942}") = "Sample_VolumeTerrain", "Samples\VolumeTerrain\Sample_VolumeTerrain.vcxproj", "{D5C3C5F1-E9A1-43B0-ADF6-CB1A05F378E3}"
EndProject
Project("{8BC9CEB8-8B4A-11D0-8D11-00A0C91BC942}") = "Sample_VolumeTex", "Samples\VolumeTex\Sample_VolumeTex.vcxproj", "{B403841D-6BC3-4E9D-B1CC-CB5844AFDFAF}"
EndProject
Project("{8BC9CEB8-8B4A-11D0-8D11-00A0C91BC942}") = "Sample_Water", "Samples\Water\Sample_Water.vcxproj", "{99899CE1-D623-44B5-8B03-9985BF789E4D}"
EndProject
Global
	GlobalSection(SolutionConfigurationPlatforms) = preSolution
		Debug|Win32 = Debug|Win32
		Release|Win32 = Release|Win32
	EndGlobalSection
	GlobalSection(ProjectConfigurationPlatforms) = postSolution
		{B6517EFA-C1F9-4976-90E9-35F7611D6C4E}.Debug|Win32.ActiveCfg = Debug|Win32
		{B6517EFA-C1F9-4976-90E9-35F7611D6C4E}.Debug|Win32.Build.0 = Debug|Win32
		{B6517EFA-C1F9-4976-90E9-35F7611D6C4E}.Release|Win32.ActiveCfg = Release|Win32
		{C2668369-8EBE-42F4-985A-F72D1605FEA3}.Debug|Win32.ActiveCfg = Debug|Win32
		{C2668369-8EBE-42F4-985A-F72D1605FEA3}.Debug|Win32.Build.0 = Debug|Win32
		{C2668369-8EBE-42F4-985A-F72D1605FEA3}.Release|Win32.ActiveCfg = Release|Win32
		{C2668369-8EBE-42F4-985A-F72D1605FEA3}.Release|Win32.Build.0 = Release|Win32
		{978E9CFA-96A8-48E6-A887-A21B32CDC202}.Debug|Win32.ActiveCfg = Debug|Win32
		{978E9CFA-96A8-48E6-A887-A21B32CDC202}.Debug|Win32.Build.0 = Debug|Win32
		{978E9CFA-96A8-48E6-A887-A21B32CDC202}.Release|Win32.ActiveCfg = Release|Win32
		{978E9CFA-96A8-48E6-A887-A21B32CDC202}.Release|Win32.Build.0 = Release|Win32
		{CFD06603-30A3-42D7-9345-99080F4BA84F}.Debug|Win32.ActiveCfg = Debug|Win32
		{CFD06603-30A3-42D7-9345-99080F4BA84F}.Debug|Win32.Build.0 = Debug|Win32
		{CFD06603-30A3-42D7-9345-99080F4BA84F}.Release|Win32.ActiveCfg = Release|Win32
		{CFD06603-30A3-42D7-9345-99080F4BA84F}.Release|Win32.Build.0 = Release|Win32
		{7D985B6D-6710-4E79-8092-95CC7503D4F9}.Debug|Win32.ActiveCfg = Debug|Win32
		{7D985B6D-6710-4E79-8092-95CC7503D4F9}.Debug|Win32.Build.0 = Debug|Win32
		{7D985B6D-6710-4E79-8092-95CC7503D4F9}.Release|Win32.ActiveCfg = Release|Win32
		{7D985B6D-6710-4E79-8092-95CC7503D4F9}.Release|Win32.Build.0 = Release|Win32
		{E46D411C-6E83-4188-8353-70FECF2555DB}.Debug|Win32.ActiveCfg = Debug|Win32
		{E46D411C-6E83-4188-8353-70FECF2555DB}.Debug|Win32.Build.0 = Debug|Win32
		{E46D411C-6E83-4188-8353-70FECF2555DB}.Release|Win32.ActiveCfg = Release|Win32
		{E46D411C-6E83-4188-8353-70FECF2555DB}.Release|Win32.Build.0 = Release|Win32
		{EBC34FB1-6546-4654-B4D5-8DC57F2B9339}.Debug|Win32.ActiveCfg = Debug|Win32
		{EBC34FB1-6546-4654-B4D5-8DC57F2B9339}.Debug|Win32.Build.0 = Debug|Win32
		{EBC34FB1-6546-4654-B4D5-8DC57F2B9339}.Release|Win32.ActiveCfg = Release|Win32
		{EBC34FB1-6546-4654-B4D5-8DC57F2B9339}.Release|Win32.Build.0 = Release|Win32
		{A2D1D6A6-E4FB-4484-B039-4F192280F477}.Debug|Win32.ActiveCfg = Debug|Win32
		{A2D1D6A6-E4FB-4484-B039-4F192280F477}.Debug|Win32.Build.0 = Debug|Win32
		{A2D1D6A6-E4FB-4484-B039-4F192280F477}.Release|Win32.ActiveCfg = Release|Win32
		{A2D1D6A6-E4FB-4484-B039-4F192280F477}.Release|Win32.Build.0 = Release|Win32
		{E7B876AE-6992-4929-A472-CAEF9C44F45A}.Debug|Win32.ActiveCfg = Debug|Win32
		{E7B876AE-6992-4929-A472-CAEF9C44F45A}.Debug|Win32.Build.0 = Debug|Win32
		{E7B876AE-6992-4929-A472-CAEF9C44F45A}.Release|Win32.ActiveCfg = Release|Win32
		{E7B876AE-6992-4929-A472-CAEF9C44F45A}.Release|Win32.Build.0 = Release|Win32
		{1EBAE2A4-7783-4606-AC27-95FD69B4F8F1}.Debug|Win32.ActiveCfg = Debug|Win32
		{1EBAE2A4-7783-4606-AC27-95FD69B4F8F1}.Debug|Win32.Build.0 = Debug|Win32
		{1EBAE2A4-7783-4606-AC27-95FD69B4F8F1}.Release|Win32.ActiveCfg = Release|Win32
		{1EBAE2A4-7783-4606-AC27-95FD69B4F8F1}.Release|Win32.Build.0 = Release|Win32
		{5C2CB911-4B3C-4FCF-962E-34BA52F91111}.Debug|Win32.ActiveCfg = Debug|Win32
		{5C2CB911-4B3C-4FCF-962E-34BA52F91111}.Debug|Win32.Build.0 = Debug|Win32
		{5C2CB911-4B3C-4FCF-962E-34BA52F91111}.Release|Win32.ActiveCfg = Release|Win32
		{5C2CB911-4B3C-4FCF-962E-34BA52F91111}.Release|Win32.Build.0 = Release|Win32
		{F3BD7A01-8AEC-4EBA-B6F9-E5C68337BE98}.Debug|Win32.ActiveCfg = Debug|Win32
		{F3BD7A01-8AEC-4EBA-B6F9-E5C68337BE98}.Debug|Win32.Build.0 = Debug|Win32
		{F3BD7A01-8AEC-4EBA-B6F9-E5C68337BE98}.Release|Win32.ActiveCfg = Release|Win32
		{F3BD7A01-8AEC-4EBA-B6F9-E5C68337BE98}.Release|Win32.Build.0 = Release|Win32
		{D0E02436-1BB7-4895-8366-ED33C144274F}.Debug|Win32.ActiveCfg = Debug|Win32
		{D0E02436-1BB7-4895-8366-ED33C144274F}.Debug|Win32.Build.0 = Debug|Win32
		{D0E02436-1BB7-4895-8366-ED33C144274F}.Release|Win32.ActiveCfg = Release|Win32
		{D0E02436-1BB7-4895-8366-ED33C144274F}.Release|Win32.Build.0 = Release|Win32
		{27B39AE9-A922-48A4-880F-47E16FCD4504}.Debug|Win32.ActiveCfg = Debug|Win32
		{27B39AE9-A922-48A4-880F-47E16FCD4504}.Debug|Win32.Build.0 = Debug|Win32
		{27B39AE9-A922-48A4-880F-47E16FCD4504}.Release|Win32.ActiveCfg = Release|Win32
		{27B39AE9-A922-48A4-880F-47E16FCD4504}.Release|Win32.Build.0 = Release|Win32
		{A94AF6C9-233B-4E89-9C71-25E2B21A3960}.Debug|Win32.ActiveCfg = Debug|Win32
		{A94AF6C9-233B-4E89-9C71-25E2B21A3960}.Debug|Win32.Build.0 = Debug|Win32
		{A94AF6C9-233B-4E89-9C71-25E2B21A3960}.Release|Win32.ActiveCfg = Release|Win32
		{A94AF6C9-233B-4E89-9C71-25E2B21A3960}.Release|Win32.Build.0 = Release|Win32
		{F67A6276-F28F-4FD3-8C88-A986C8FC4533}.Debug|Win32.ActiveCfg = Debug|Win32
		{F67A6276-F28F-4FD3-8C88-A986C8FC4533}.Debug|Win32.Build.0 = Debug|Win32
		{F67A6276-F28F-4FD3-8C88-A986C8FC4533}.Release|Win32.ActiveCfg = Release|Win32
		{F67A6276-F28F-4FD3-8C88-A986C8FC4533}.Release|Win32.Build.0 = Release|Win32
		{A07552D8-EAAE-449F-A890-01FA413BB646}.Debug|Win32.ActiveCfg = Debug|Win32
		{A07552D8-EAAE-449F-A890-01FA413BB646}.Debug|Win32.Build.0 = Debug|Win32
		{A07552D8-EAAE-449F-A890-01FA413BB646}.Release|Win32.ActiveCfg = Release|Win32
		{A07552D8-EAAE-449F-A890-01FA413BB646}.Release|Win32.Build.0 = Release|Win32
		{747E9A43-4251-4287-8FA1-36955DED3D8D}.Debug|Win32.ActiveCfg = Debug|Win32
		{747E9A43-4251-4287-8FA1-36955DED3D8D}.Debug|Win32.Build.0 = Debug|Win32
		{747E9A43-4251-4287-8FA1-36955DED3D8D}.Release|Win32.ActiveCfg = Release|Win32
		{747E9A43-4251-4287-8FA1-36955DED3D8D}.Release|Win32.Build.0 = Release|Win32
		{23ED8F2B-EE36-4D79-B423-0943DD13EB31}.Debug|Win32.ActiveCfg = Debug|Win32
		{23ED8F2B-EE36-4D79-B423-0943DD13EB31}.Debug|Win32.Build.0 = Debug|Win32
		{23ED8F2B-EE36-4D79-B423-0943DD13EB31}.Release|Win32.ActiveCfg = Release|Win32
		{23ED8F2B-EE36-4D79-B423-0943DD13EB31}.Release|Win32.Build.0 = Release|Win32
		{8A94B085-42CE-4E3C-8DEB-9F2B28450F91}.Debug|Win32.ActiveCfg = Debug|Win32
		{8A94B085-42CE-4E3C-8DEB-9F2B28450F91}.Debug|Win32.Build.0 = Debug|Win32
		{8A94B085-42CE-4E3C-8DEB-9F2B28450F91}.Release|Win32.ActiveCfg = Release|Win32
		{8A94B085-42CE-4E3C-8DEB-9F2B28450F91}.Release|Win32.Build.0 = Release|Win32
		{D450869E-A57D-419D-848F-5DF3B8414DF7}.Debug|Win32.ActiveCfg = Debug|Win32
		{D450869E-A57D-419D-848F-5DF3B8414DF7}.Debug|Win32.Build.0 = Debug|Win32
		{D450869E-A57D-419D-848F-5DF3B8414DF7}.Release|Win32.ActiveCfg = Release|Win32
		{D450869E-A57D-419D-848F-5DF3B8414DF7}.Release|Win32.Build.0 = Release|Win32
		{ABE00562-5148-4BD8-8ED8-1318631729DA}.Debug|Win32.ActiveCfg = Debug|Win32
		{ABE00562-5148-4BD8-8ED8-1318631729DA}.Debug|Win32.Build.0 = Debug|Win32
		{ABE00562-5148-4BD8-8ED8-1318631729DA}.Release|Win32.ActiveCfg = Release|Win32
		{ABE00562-5148-4BD8-8ED8-1318631729DA}.Release|Win32.Build.0 = Release|Win32
		{636A7F1A-1143-4C3E-87D8-9030F17BFE35}.Debug|Win32.ActiveCfg = Debug|Win32
		{636A7F1A-1143-4C3E-87D8-9030F17BFE35}.Debug|Win32.Build.0 = Debug|Win32
		{636A7F1A-1143-4C3E-87D8-9030F17BFE35}.Release|Win32.ActiveCfg = Release|Win32
		{636A7F1A-1143-4C3E-87D8-9030F17BFE35}.Release|Win32.Build.0 = Release|Win32
		{01D202A3-1DE3-4855-A43C-0BA7A563FAC0}.Debug|Win32.ActiveCfg = Debug|Win32
		{01D202A3-1DE3-4855-A43C-0BA7A563FAC0}.Debug|Win32.Build.0 = Debug|Win32
		{01D202A3-1DE3-4855-A43C-0BA7A563FAC0}.Release|Win32.ActiveCfg = Release|Win32
		{01D202A3-1DE3-4855-A43C-0BA7A563FAC0}.Release|Win32.Build.0 = Release|Win32
		{5091488C-3FB4-406B-823F-D10F5C4873AF}.Debug|Win32.ActiveCfg = Debug|Win32
		{5091488C-3FB4-406B-823F-D10F5C4873AF}.Debug|Win32.Build.0 = Debug|Win32
		{5091488C-3FB4-406B-823F-D10F5C4873AF}.Release|Win32.ActiveCfg = Release|Win32
		{5091488C-3FB4-406B-823F-D10F5C4873AF}.Release|Win32.Build.0 = Release|Win32
		{505AE96B-03F5-4CFE-83B9-07B9275CA04E}.Debug|Win32.ActiveCfg = Debug|Win32
		{505AE96B-03F5-4CFE-83B9-07B9275CA04E}.Debug|Win32.Build.0 = Debug|Win32
		{505AE96B-03F5-4CFE-83B9-07B9275CA04E}.Release|Win32.ActiveCfg = Release|Win32
		{505AE96B-03F5-4CFE-83B9-07B9275CA04E}.Release|Win32.Build.0 = Release|Win32
		{DD940A9E-736E-489A-A9BE-2D9DF725B33D}.Debug|Win32.ActiveCfg = Debug|Win32
		{DD940A9E-736E-489A-A9BE-2D9DF725B33D}.Debug|Win32.Build.0 = Debug|Win32
		{DD940A9E-736E-489A-A9BE-2D9DF725B33D}.Release|Win32.ActiveCfg = Release|Win32
		{DD940A9E-736E-489A-A9BE-2D9DF725B33D}.Release|Win32.Build.0 = Release|Win32
		{6BB4E7E7-3B36-450F-ABE2-E2089B20EA13}.Debug|Win32.ActiveCfg = Debug|Win32
		{6BB4E7E7-3B36-450F-ABE2-E2089B20EA13}.Debug|Win32.Build.0 = Debug|Win32
		{6BB4E7E7-3B36-450F-ABE2-E2089B20EA13}.Release|Win32.ActiveCfg = Release|Win32
		{6BB4E7E7-3B36-450F-ABE2-E2089B20EA13}.Release|Win32.Build.0 = Release|Win32
		{32B23B9D-7CC1-4830-8E38-1AB8C11E4AFD}.Debug|Win32.ActiveCfg = Debug|Win32
		{32B23B9D-7CC1-4830-8E38-1AB8C11E4AFD}.Debug|Win32.Build.0 = Debug|Win32
		{32B23B9D-7CC1-4830-8E38-1AB8C11E4AFD}.Release|Win32.ActiveCfg = Release|Win32
		{32B23B9D-7CC1-4830-8E38-1AB8C11E4AFD}.Release|Win32.Build.0 = Release|Win32
		{CF8B5A4F-B20B-420E-A4DA-18A1653A888F}.Debug|Win32.ActiveCfg = Debug|Win32
		{CF8B5A4F-B20B-420E-A4DA-18A1653A888F}.Debug|Win32.Build.0 = Debug|Win32
		{CF8B5A4F-B20B-420E-A4DA-18A1653A888F}.Release|Win32.ActiveCfg = Release|Win32
		{CF8B5A4F-B20B-420E-A4DA-18A1653A888F}.Release|Win32.Build.0 = Release|Win32
		{D58A42AE-5E43-4853-BD6E-F81E15714B51}.Debug|Win32.ActiveCfg = Debug|Win32
		{D58A42AE-5E43-4853-BD6E-F81E15714B51}.Debug|Win32.Build.0 = Debug|Win32
		{D58A42AE-5E43-4853-BD6E-F81E15714B51}.Release|Win32.ActiveCfg = Release|Win32
		{D58A42AE-5E43-4853-BD6E-F81E15714B51}.Release|Win32.Build.0 = Release|Win32
		{185DEAAF-9D8E-4772-A2CE-992E9C9370C5}.Debug|Win32.ActiveCfg = Debug|Win32
		{185DEAAF-9D8E-4772-A2CE-992E9C9370C5}.Debug|Win32.Build.0 = Debug|Win32
		{185DEAAF-9D8E-4772-A2CE-992E9C9370C5}.Release|Win32.ActiveCfg = Release|Win32
		{185DEAAF-9D8E-4772-A2CE-992E9C9370C5}.Release|Win32.Build.0 = Release|Win32
		{77515066-2420-4B2F-919B-D332FA544579}.Debug|Win32.ActiveCfg = Debug|Win32
		{77515066-2420-4B2F-919B-D332FA544579}.Debug|Win32.Build.0 = Debug|Win32
		{77515066-2420-4B2F-919B-D332FA544579}.Release|Win32.ActiveCfg = Release|Win32
		{77515066-2420-4B2F-919B-D332FA544579}.Release|Win32.Build.0 = Release|Win32
		{69ABBEFB-A98C-4C67-A0E9-AC79271272DE}.Debug|Win32.ActiveCfg = Debug|Win32
		{69ABBEFB-A98C-4C67-A0E9-AC79271272DE}.Debug|Win32.Build.0 = Debug|Win32
		{69ABBEFB-A98C-4C67-A0E9-AC79271272DE}.Release|Win32.ActiveCfg = Release|Win32
		{69ABBEFB-A98C-4C67-A0E9-AC79271272DE}.Release|Win32.Build.0 = Release|Win32
		{AD023A39-E810-4647-B229-20B0A0C07B9D}.Debug|Win32.ActiveCfg = Debug|Win32
		{AD023A39-E810-4647-B229-20B0A0C07B9D}.Debug|Win32.Build.0 = Debug|Win32
		{AD023A39-E810-4647-B229-20B0A0C07B9D}.Release|Win32.ActiveCfg = Release|Win32
		{AD023A39-E810-4647-B229-20B0A0C07B9D}.Release|Win32.Build.0 = Release|Win32
		{47D33B43-2142-4269-87D9-D8CEEB4A6AA3}.Debug|Win32.ActiveCfg = Debug|Win32
		{47D33B43-2142-4269-87D9-D8CEEB4A6AA3}.Debug|Win32.Build.0 = Debug|Win32
		{47D33B43-2142-4269-87D9-D8CEEB4A6AA3}.Release|Win32.ActiveCfg = Release|Win32
		{47D33B43-2142-4269-87D9-D8CEEB4A6AA3}.Release|Win32.Build.0 = Release|Win32
		{CB771243-8377-4D46-9667-FF4DC4B0D8CD}.Debug|Win32.ActiveCfg = Debug|Win32
		{CB771243-8377-4D46-9667-FF4DC4B0D8CD}.Debug|Win32.Build.0 = Debug|Win32
		{CB771243-8377-4D46-9667-FF4DC4B0D8CD}.Release|Win32.ActiveCfg = Release|Win32
		{CB771243-8377-4D46-9667-FF4DC4B0D8CD}.Release|Win32.Build.0 = Release|Win32
		{8D084771-8228-453F-AB8F-0EF4C1A64E91}.Debug|Win32.ActiveCfg = Debug|Win32
		{8D084771-8228-453F-AB8F-0EF4C1A64E91}.Debug|Win32.Build.0 = Debug|Win32
		{8D084771-8228-453F-AB8F-0EF4C1A64E91}.Release|Win32.ActiveCfg = Release|Win32
		{8D084771-8228-453F-AB8F-0EF4C1A64E91}.Release|Win32.Build.0 = Release|Win32
		{56877E39-CC14-417B-B0C6-C471C6CD7AAC}.Debug|Win32.ActiveCfg = Debug|Win32
		{56877E39-CC14-417B-B0C6-C471C6CD7AAC}.Debug|Win32.Build.0 = Debug|Win32
		{56877E39-CC14-417B-B0C6-C471C6CD7AAC}.Release|Win32.ActiveCfg = Release|Win32
		{56877E39-CC14-417B-B0C6-C471C6CD7AAC}.Release|Win32.Build.0 = Release|Win32
		{E9AEC1B5-8A78-49DE-8082-E5C36B501CC2}.Debug|Win32.ActiveCfg = Debug|Win32
		{E9AEC1B5-8A78-49DE-8082-E5C36B501CC2}.Debug|Win32.Build.0 = Debug|Win32
		{E9AEC1B5-8A78-49DE-8082-E5C36B501CC2}.Release|Win32.ActiveCfg = Release|Win32
		{E9AEC1B5-8A78-49DE-8082-E5C36B501CC2}.Release|Win32.Build.0 = Release|Win32
		{7716969C-A744-4559-9B0F-97B0C860D9E7}.Debug|Win32.ActiveCfg = Debug|Win32
		{7716969C-A744-4559-9B0F-97B0C860D9E7}.Debug|Win32.Build.0 = Debug|Win32
		{7716969C-A744-4559-9B0F-97B0C860D9E7}.Release|Win32.ActiveCfg = Release|Win32
		{7716969C-A744-4559-9B0F-97B0C860D9E7}.Release|Win32.Build.0 = Release|Win32
		{7D7367B3-B2DA-4205-BA72-BB7AA4AD84C4}.Debug|Win32.ActiveCfg = Debug|Win32
		{7D7367B3-B2DA-4205-BA72-BB7AA4AD84C4}.Debug|Win32.Build.0 = Debug|Win32
		{7D7367B3-B2DA-4205-BA72-BB7AA4AD84C4}.Release|Win32.ActiveCfg = Release|Win32
		{7D7367B3-B2DA-4205-BA72-BB7AA4AD84C4}.Release|Win32.Build.0 = Release|Win32
		{CD201FF6-77B1-484E-9D8B-3FAA02E343B0}.Debug|Win32.ActiveCfg = Debug|Win32
		{CD201FF6-77B1-484E-9D8B-3FAA02E343B0}.Debug|Win32.Build.0 = Debug|Win32
		{CD201FF6-77B1-484E-9D8B-3FAA02E343B0}.Release|Win32.ActiveCfg = Release|Win32
		{CD201FF6-77B1-484E-9D8B-3FAA02E343B0}.Release|Win32.Build.0 = Release|Win32
		{D5C3C5F1-E9A1-43B0-ADF6-CB1A05F378E3}.Debug|Win32.ActiveCfg = Debug|Win32
		{D5C3C5F1-E9A1-43B0-ADF6-CB1A05F378E3}.Debug|Win32.Build.0 = Debug|Win32
		{D5C3C5F1-E9A1-43B0-ADF6-CB1A05F378E3}.Release|Win32.ActiveCfg = Release|Win32
		{D5C3C5F1-E9A1-43B0-ADF6-CB1A05F378E3}.Release|Win32.Build.0 = Release|Win32
		{B403841D-6BC3-4E9D-B1CC-CB5844AFDFAF}.Debug|Win32.ActiveCfg = Debug|Win32
		{B403841D-6BC3-4E9D-B1CC-CB5844AFDFAF}.Debug|Win32.Build.0 = Debug|Win32
		{B403841D-6BC3-4E9D-B1CC-CB5844AFDFAF}.Release|Win32.ActiveCfg = Release|Win32
		{B403841D-6BC3-4E9D-B1CC-CB5844AFDFAF}.Release|Win32.Build.0 = Release|Win32
		{99899CE1-D623-44B5-8B03-9985BF789E4D}.Debug|Win32.ActiveCfg = Debug|Win32
		{99899CE1-D623-44B5-8B03-9985BF789E4D}.Debug|Win32.Build.0 = Debug|Win32
		{99899CE1-D623-44B5-8B03-9985BF789E4D}.Release|Win32.ActiveCfg = Release|Win32
		{99899CE1-D623-44B5-8B03-9985BF789E4D}.Release|Win32.Build.0 = Release|Win32
	EndGlobalSection
	GlobalSection(SolutionProperties) = preSolution
		HideSolutionNode = FALSE
	EndGlobalSection
EndGlobal
